
Microsoft Visual Studio Solution File, Format Version 12.00
# Visual Studio 2015
Project("{FAE04EC0-301F-11D3-BF4B-00C04F79EFBC}") = "MinesweeperGame", "MinesweeperGame.csproj", "{1C071B1E-B6D8-AF4D-DEFE-A62162953658}"
EndProject
Global
	GlobalSection(SolutionConfigurationPlatforms) = preSolution
		Debug|Any CPU = Debug|Any CPU
		Release|Any CPU = Release|Any CPU
	EndGlobalSection
	GlobalSection(ProjectConfigurationPlatforms) = postSolution
		{1C071B1E-B6D8-AF4D-DEFE-A62162953658}.Debug|Any CPU.ActiveCfg = Debug|Any CPU
		{1C071B1E-B6D8-AF4D-DEFE-A62162953658}.Debug|Any CPU.Build.0 = Debug|Any CPU
		{1C071B1E-B6D8-AF4D-DEFE-A62162953658}.Release|Any CPU.ActiveCfg = Release|Any CPU
		{1C071B1E-B6D8-AF4D-DEFE-A62162953658}.Release|Any CPU.Build.0 = Release|Any CPU
	EndGlobalSection
	GlobalSection(SolutionProperties) = preSolution
		HideSolutionNode = FALSE
	EndGlobalSection
EndGlobal
